
Microsoft Visual Studio Solution File, Format Version 12.00
# Visual Studio Version 17
VisualStudioVersion = 17.0.32014.148
MinimumVisualStudioVersion = 10.0.40219.1
Project("{FAE04EC0-301F-11D3-BF4B-00C04F79EFBC}") = "Singleton", "Singleton.csproj", "{F6D9A185-1D42-4341-AD5A-AA6514F40FB8}"
EndProject
Global
	GlobalSection(SolutionConfigurationPlatforms) = preSolution
		Debug|Any CPU = Debug|Any CPU
		Release|Any CPU = Release|Any CPU
	EndGlobalSection
	GlobalSection(ProjectConfigurationPlatforms) = postSolution
		{F6D9A185-1D42-4341-AD5A-AA6514F40FB8}.Debug|Any CPU.ActiveCfg = Debug|Any CPU
		{F6D9A185-1D42-4341-AD5A-AA6514F40FB8}.Debug|Any CPU.Build.0 = Debug|Any CPU
		{F6D9A185-1D42-4341-AD5A-AA6514F40FB8}.Release|Any CPU.ActiveCfg = Release|Any CPU
		{F6D9A185-1D42-4341-AD5A-AA6514F40FB8}.Release|Any CPU.Build.0 = Release|Any CPU
	EndGlobalSection
	GlobalSection(SolutionProperties) = preSolution
		HideSolutionNode = FALSE
	EndGlobalSection
	GlobalSection(ExtensibilityGlobals) = postSolution
		SolutionGuid = {46DDF942-6417-4CD3-8566-8B2662CC3018}
	EndGlobalSection
EndGlobal
