
Microsoft Visual Studio Solution File, Format Version 12.00
# Visual Studio Version 17
VisualStudioVersion = 17.0.32014.148
MinimumVisualStudioVersion = 10.0.40219.1
Project("{9A19103F-16F7-4668-BE54-9A1E7A4F7556}") = "Iterator", "Iterator.csproj", "{18A8D0B5-8AE3-4104-A7B2-9350A47941F7}"
EndProject
Global
	GlobalSection(SolutionConfigurationPlatforms) = preSolution
		Debug|Any CPU = Debug|Any CPU
		Release|Any CPU = Release|Any CPU
	EndGlobalSection
	GlobalSection(ProjectConfigurationPlatforms) = postSolution
		{18A8D0B5-8AE3-4104-A7B2-9350A47941F7}.Debug|Any CPU.ActiveCfg = Debug|Any CPU
		{18A8D0B5-8AE3-4104-A7B2-9350A47941F7}.Debug|Any CPU.Build.0 = Debug|Any CPU
		{18A8D0B5-8AE3-4104-A7B2-9350A47941F7}.Release|Any CPU.ActiveCfg = Release|Any CPU
		{18A8D0B5-8AE3-4104-A7B2-9350A47941F7}.Release|Any CPU.Build.0 = Release|Any CPU
	EndGlobalSection
	GlobalSection(SolutionProperties) = preSolution
		HideSolutionNode = FALSE
	EndGlobalSection
	GlobalSection(ExtensibilityGlobals) = postSolution
		SolutionGuid = {241F12C8-EE6F-4B5F-9E73-03411B7D3CB2}
	EndGlobalSection
EndGlobal
